// !$*UTF8*$!
{
	archiveVersion = 1;
	classes = {
	};
	objectVersion = 51;
	objects = {

/* Begin PBXBuildFile section */
		F322244D264C0B3900799004 /* AppDelegate.swift in Sources */ = {isa = PBXBuildFile; fileRef = F322244C264C0B3900799004 /* AppDelegate.swift */; };
		F322244F264C0B3900799004 /* SceneDelegate.swift in Sources */ = {isa = PBXBuildFile; fileRef = F322244E264C0B3900799004 /* SceneDelegate.swift */; };
		F3222451264C0B3900799004 /* ViewController.swift in Sources */ = {isa = PBXBuildFile; fileRef = F3222450264C0B3900799004 /* ViewController.swift */; };
		F3222454264C0B3900799004 /* Main.storyboard in Resources */ = {isa = PBXBuildFile; fileRef = F3222452264C0B3900799004 /* Main.storyboard */; };
		F3222456264C0B3D00799004 /* Assets.xcassets in Resources */ = {isa = PBXBuildFile; fileRef = F3222455264C0B3D00799004 /* Assets.xcassets */; };
		F3222459264C0B3D00799004 /* LaunchScreen.storyboard in Resources */ = {isa = PBXBuildFile; fileRef = F3222457264C0B3D00799004 /* LaunchScreen.storyboard */; };
		F3CD995E26551AF2005D8C06 /* ViewController+CloudRecording.swift in Sources */ = {isa = PBXBuildFile; fileRef = F3CD995D26551AF2005D8C06 /* ViewController+CloudRecording.swift */; };
		FC94FADE31CD02499A208C3C /* Pods_Agora_Cloud_Recording.framework in Frameworks */ = {isa = PBXBuildFile; fileRef = 6D97793D174D5A27DC9A6A0E /* Pods_Agora_Cloud_Recording.framework */; };
/* End PBXBuildFile section */

/* Begin PBXFileReference section */
		0F7FB42B766DBE8E5848E81A /* Pods-Agora-Cloud-Recording.release.xcconfig */ = {isa = PBXFileReference; includeInIndex = 1; lastKnownFileType = text.xcconfig; name = "Pods-Agora-Cloud-Recording.release.xcconfig"; path = "Target Support Files/Pods-Agora-Cloud-Recording/Pods-Agora-Cloud-Recording.release.xcconfig"; sourceTree = "<group>"; };
		6D97793D174D5A27DC9A6A0E /* Pods_Agora_Cloud_Recording.framework */ = {isa = PBXFileReference; explicitFileType = wrapper.framework; includeInIndex = 0; path = Pods_Agora_Cloud_Recording.framework; sourceTree = BUILT_PRODUCTS_DIR; };
		EF145E2A5DDC7F9E9A6F665B /* Pods-Agora-Cloud-Recording.debug.xcconfig */ = {isa = PBXFileReference; includeInIndex = 1; lastKnownFileType = text.xcconfig; name = "Pods-Agora-Cloud-Recording.debug.xcconfig"; path = "Target Support Files/Pods-Agora-Cloud-Recording/Pods-Agora-Cloud-Recording.debug.xcconfig"; sourceTree = "<group>"; };
		F3222449264C0B3900799004 /* Agora-Cloud-Recording.app */ = {isa = PBXFileReference; explicitFileType = wrapper.application; includeInIndex = 0; path = "Agora-Cloud-Recording.app"; sourceTree = BUILT_PRODUCTS_DIR; };
		F322244C264C0B3900799004 /* AppDelegate.swift */ = {isa = PBXFileReference; lastKnownFileType = sourcecode.swift; path = AppDelegate.swift; sourceTree = "<group>"; };
		F322244E264C0B3900799004 /* SceneDelegate.swift */ = {isa = PBXFileReference; lastKnownFileType = sourcecode.swift; path = SceneDelegate.swift; sourceTree = "<group>"; };
		F3222450264C0B3900799004 /* ViewController.swift */ = {isa = PBXFileReference; lastKnownFileType = sourcecode.swift; path = ViewController.swift; sourceTree = "<group>"; };
		F3222453264C0B3900799004 /* Base */ = {isa = PBXFileReference; lastKnownFileType = file.storyboard; name = Base; path = Base.lproj/Main.storyboard; sourceTree = "<group>"; };
		F3222455264C0B3D00799004 /* Assets.xcassets */ = {isa = PBXFileReference; lastKnownFileType = folder.assetcatalog; path = Assets.xcassets; sourceTree = "<group>"; };
		F3222458264C0B3D00799004 /* Base */ = {isa = PBXFileReference; lastKnownFileType = file.storyboard; name = Base; path = Base.lproj/LaunchScreen.storyboard; sourceTree = "<group>"; };
		F322245A264C0B3D00799004 /* Info.plist */ = {isa = PBXFileReference; lastKnownFileType = text.plist.xml; path = Info.plist; sourceTree = "<group>"; };
		F3CD995D26551AF2005D8C06 /* ViewController+CloudRecording.swift */ = {isa = PBXFileReference; lastKnownFileType = sourcecode.swift; path = "ViewController+CloudRecording.swift"; sourceTree = "<group>"; };
/* End PBXFileReference section */

/* Begin PBXFrameworksBuildPhase section */
		F3222446264C0B3900799004 /* Frameworks */ = {
			isa = PBXFrameworksBuildPhase;
			buildActionMask = 2147483647;
			files = (
				FC94FADE31CD02499A208C3C /* Pods_Agora_Cloud_Recording.framework in Frameworks */,
			);
			runOnlyForDeploymentPostprocessing = 0;
		};
/* End PBXFrameworksBuildPhase section */

/* Begin PBXGroup section */
		00BD170F0C02A4D710233BB2 /* Pods */ = {
			isa = PBXGroup;
			children = (
				EF145E2A5DDC7F9E9A6F665B /* Pods-Agora-Cloud-Recording.debug.xcconfig */,
				0F7FB42B766DBE8E5848E81A /* Pods-Agora-Cloud-Recording.release.xcconfig */,
			);
			path = Pods;
			sourceTree = "<group>";
		};
		DF58B8A962D7CA74D5E31420 /* Frameworks */ = {
			isa = PBXGroup;
			children = (
				6D97793D174D5A27DC9A6A0E /* Pods_Agora_Cloud_Recording.framework */,
			);
			name = Frameworks;
			sourceTree = "<group>";
		};
		F3222440264C0B3900799004 = {
			isa = PBXGroup;
			children = (
				F322244B264C0B3900799004 /* Agora-Cloud-Recording */,
				F322244A264C0B3900799004 /* Products */,
				00BD170F0C02A4D710233BB2 /* Pods */,
				DF58B8A962D7CA74D5E31420 /* Frameworks */,
			);
			sourceTree = "<group>";
		};
		F322244A264C0B3900799004 /* Products */ = {
			isa = PBXGroup;
			children = (
				F3222449264C0B3900799004 /* Agora-Cloud-Recording.app */,
			);
			name = Products;
			sourceTree = "<group>";
		};
		F322244B264C0B3900799004 /* Agora-Cloud-Recording */ = {
			isa = PBXGroup;
			children = (
				F322244C264C0B3900799004 /* AppDelegate.swift */,
				F322244E264C0B3900799004 /* SceneDelegate.swift */,
				F3222450264C0B3900799004 /* ViewController.swift */,
				F3CD995D26551AF2005D8C06 /* ViewController+CloudRecording.swift */,
				F3222452264C0B3900799004 /* Main.storyboard */,
				F3222455264C0B3D00799004 /* Assets.xcassets */,
				F3222457264C0B3D00799004 /* LaunchScreen.storyboard */,
				F322245A264C0B3D00799004 /* Info.plist */,
			);
			path = "Agora-Cloud-Recording";
			sourceTree = "<group>";
		};
/* End PBXGroup section */

/* Begin PBXNativeTarget section */
		F3222448264C0B3900799004 /* Agora-Cloud-Recording */ = {
			isa = PBXNativeTarget;
			buildConfigurationList = F322245D264C0B3D00799004 /* Build configuration list for PBXNativeTarget "Agora-Cloud-Recording" */;
			buildPhases = (
				6421D68F2CD8F1CD62409002 /* [CP] Check Pods Manifest.lock */,
				F3222445264C0B3900799004 /* Sources */,
				F3222446264C0B3900799004 /* Frameworks */,
				F3222447264C0B3900799004 /* Resources */,
				55F63C55BC45337FDFFE4594 /* [CP] Embed Pods Frameworks */,
			);
			buildRules = (
			);
			dependencies = (
			);
			name = "Agora-Cloud-Recording";
			productName = "Agora-Cloud-Recording";
			productReference = F3222449264C0B3900799004 /* Agora-Cloud-Recording.app */;
			productType = "com.apple.product-type.application";
		};
/* End PBXNativeTarget section */

/* Begin PBXProject section */
		F3222441264C0B3900799004 /* Project object */ = {
			isa = PBXProject;
			attributes = {
				LastSwiftUpdateCheck = 1250;
				LastUpgradeCheck = 1250;
				TargetAttributes = {
					F3222448264C0B3900799004 = {
						CreatedOnToolsVersion = 12.5;
					};
				};
			};
			buildConfigurationList = F3222444264C0B3900799004 /* Build configuration list for PBXProject "Agora-Cloud-Recording" */;
			compatibilityVersion = "Xcode 9.3";
			developmentRegion = en;
			hasScannedForEncodings = 0;
			knownRegions = (
				en,
				Base,
			);
			mainGroup = F3222440264C0B3900799004;
			productRefGroup = F322244A264C0B3900799004 /* Products */;
			projectDirPath = "";
			projectRoot = "";
			targets = (
				F3222448264C0B3900799004 /* Agora-Cloud-Recording */,
			);
		};
/* End PBXProject section */

/* Begin PBXResourcesBuildPhase section */
		F3222447264C0B3900799004 /* Resources */ = {
			isa = PBXResourcesBuildPhase;
			buildActionMask = 2147483647;
			files = (
				F3222459264C0B3D00799004 /* LaunchScreen.storyboard in Resources */,
				F3222456264C0B3D00799004 /* Assets.xcassets in Resources */,
				F3222454264C0B3900799004 /* Main.storyboard in Resources */,
			);
			runOnlyForDeploymentPostprocessing = 0;
		};
/* End PBXResourcesBuildPhase section */

/* Begin PBXShellScriptBuildPhase section */
		55F63C55BC45337FDFFE4594 /* [CP] Embed Pods Frameworks */ = {
			isa = PBXShellScriptBuildPhase;
			buildActionMask = 2147483647;
			files = (
			);
			inputFileListPaths = (
				"${PODS_ROOT}/Target Support Files/Pods-Agora-Cloud-Recording/Pods-Agora-Cloud-Recording-frameworks-${CONFIGURATION}-input-files.xcfilelist",
			);
			name = "[CP] Embed Pods Frameworks";
			outputFileListPaths = (
				"${PODS_ROOT}/Target Support Files/Pods-Agora-Cloud-Recording/Pods-Agora-Cloud-Recording-frameworks-${CONFIGURATION}-output-files.xcfilelist",
			);
			runOnlyForDeploymentPostprocessing = 0;
			shellPath = /bin/sh;
			shellScript = "\"${PODS_ROOT}/Target Support Files/Pods-Agora-Cloud-Recording/Pods-Agora-Cloud-Recording-frameworks.sh\"\n";
			showEnvVarsInLog = 0;
		};
		6421D68F2CD8F1CD62409002 /* [CP] Check Pods Manifest.lock */ = {
			isa = PBXShellScriptBuildPhase;
			buildActionMask = 2147483647;
			files = (
			);
			inputFileListPaths = (
			);
			inputPaths = (
				"${PODS_PODFILE_DIR_PATH}/Podfile.lock",
				"${PODS_ROOT}/Manifest.lock",
			);
			name = "[CP] Check Pods Manifest.lock";
			outputFileListPaths = (
			);
			outputPaths = (
				"$(DERIVED_FILE_DIR)/Pods-Agora-Cloud-Recording-checkManifestLockResult.txt",
			);
			runOnlyForDeploymentPostprocessing = 0;
			shellPath = /bin/sh;
			shellScript = "diff \"${PODS_PODFILE_DIR_PATH}/Podfile.lock\" \"${PODS_ROOT}/Manifest.lock\" > /dev/null\nif [ $? != 0 ] ; then\n    # print error to STDERR\n    echo \"error: The sandbox is not in sync with the Podfile.lock. Run 'pod install' or update your CocoaPods installation.\" >&2\n    exit 1\nfi\n# This output is used by Xcode 'outputs' to avoid re-running this script phase.\necho \"SUCCESS\" > \"${SCRIPT_OUTPUT_FILE_0}\"\n";
			showEnvVarsInLog = 0;
		};
/* End PBXShellScriptBuildPhase section */

/* Begin PBXSourcesBuildPhase section */
		F3222445264C0B3900799004 /* Sources */ = {
			isa = PBXSourcesBuildPhase;
			buildActionMask = 2147483647;
			files = (
				F3CD995E26551AF2005D8C06 /* ViewController+CloudRecording.swift in Sources */,
				F3222451264C0B3900799004 /* ViewController.swift in Sources */,
				F322244D264C0B3900799004 /* AppDelegate.swift in Sources */,
				F322244F264C0B3900799004 /* SceneDelegate.swift in Sources */,
			);
			runOnlyForDeploymentPostprocessing = 0;
		};
/* End PBXSourcesBuildPhase section */

/* Begin PBXVariantGroup section */
		F3222452264C0B3900799004 /* Main.storyboard */ = {
			isa = PBXVariantGroup;
			children = (
				F3222453264C0B3900799004 /* Base */,
			);
			name = Main.storyboard;
			sourceTree = "<group>";
		};
		F3222457264C0B3D00799004 /* LaunchScreen.storyboard */ = {
			isa = PBXVariantGroup;
			children = (
				F3222458264C0B3D00799004 /* Base */,
			);
			name = LaunchScreen.storyboard;
			sourceTree = "<group>";
		};
/* End PBXVariantGroup section */

/* Begin XCBuildConfiguration section */
		F322245B264C0B3D00799004 /* Debug */ = {
			isa = XCBuildConfiguration;
			buildSettings = {
				ALWAYS_SEARCH_USER_PATHS = NO;
				CLANG_ANALYZER_NONNULL = YES;
				CLANG_ANALYZER_NUMBER_OBJECT_CONVERSION = YES_AGGRESSIVE;
				CLANG_CXX_LANGUAGE_STANDARD = "gnu++14";
				CLANG_CXX_LIBRARY = "libc++";
				CLANG_ENABLE_MODULES = YES;
				CLANG_ENABLE_OBJC_ARC = YES;
				CLANG_ENABLE_OBJC_WEAK = YES;
				CLANG_WARN_BLOCK_CAPTURE_AUTORELEASING = YES;
				CLANG_WARN_BOOL_CONVERSION = YES;
				CLANG_WARN_COMMA = YES;
				CLANG_WARN_CONSTANT_CONVERSION = YES;
				CLANG_WARN_DEPRECATED_OBJC_IMPLEMENTATIONS = YES;
				CLANG_WARN_DIRECT_OBJC_ISA_USAGE = YES_ERROR;
				CLANG_WARN_DOCUMENTATION_COMMENTS = YES;
				CLANG_WARN_EMPTY_BODY = YES;
				CLANG_WARN_ENUM_CONVERSION = YES;
				CLANG_WARN_INFINITE_RECURSION = YES;
				CLANG_WARN_INT_CONVERSION = YES;
				CLANG_WARN_NON_LITERAL_NULL_CONVERSION = YES;
				CLANG_WARN_OBJC_IMPLICIT_RETAIN_SELF = YES;
				CLANG_WARN_OBJC_LITERAL_CONVERSION = YES;
				CLANG_WARN_OBJC_ROOT_CLASS = YES_ERROR;
				CLANG_WARN_QUOTED_INCLUDE_IN_FRAMEWORK_HEADER = YES;
				CLANG_WARN_RANGE_LOOP_ANALYSIS = YES;
				CLANG_WARN_STRICT_PROTOTYPES = YES;
				CLANG_WARN_SUSPICIOUS_MOVE = YES;
				CLANG_WARN_UNGUARDED_AVAILABILITY = YES_AGGRESSIVE;
				CLANG_WARN_UNREACHABLE_CODE = YES;
				CLANG_WARN__DUPLICATE_METHOD_MATCH = YES;
				COPY_PHASE_STRIP = NO;
				DEBUG_INFORMATION_FORMAT = dwarf;
				ENABLE_STRICT_OBJC_MSGSEND = YES;
				ENABLE_TESTABILITY = YES;
				GCC_C_LANGUAGE_STANDARD = gnu11;
				GCC_DYNAMIC_NO_PIC = NO;
				GCC_NO_COMMON_BLOCKS = YES;
				GCC_OPTIMIZATION_LEVEL = 0;
				GCC_PREPROCESSOR_DEFINITIONS = (
					"DEBUG=1",
					"$(inherited)",
				);
				GCC_WARN_64_TO_32_BIT_CONVERSION = YES;
				GCC_WARN_ABOUT_RETURN_TYPE = YES_ERROR;
				GCC_WARN_UNDECLARED_SELECTOR = YES;
				GCC_WARN_UNINITIALIZED_AUTOS = YES_AGGRESSIVE;
				GCC_WARN_UNUSED_FUNCTION = YES;
				GCC_WARN_UNUSED_VARIABLE = YES;
				IPHONEOS_DEPLOYMENT_TARGET = 14.5;
				MTL_ENABLE_DEBUG_INFO = INCLUDE_SOURCE;
				MTL_FAST_MATH = YES;
				ONLY_ACTIVE_ARCH = YES;
				SDKROOT = iphoneos;
				SWIFT_ACTIVE_COMPILATION_CONDITIONS = DEBUG;
				SWIFT_OPTIMIZATION_LEVEL = "-Onone";
			};
			name = Debug;
		};
		F322245C264C0B3D00799004 /* Release */ = {
			isa = XCBuildConfiguration;
			buildSettings = {
				ALWAYS_SEARCH_USER_PATHS = NO;
				CLANG_ANALYZER_NONNULL = YES;
				CLANG_ANALYZER_NUMBER_OBJECT_CONVERSION = YES_AGGRESSIVE;
				CLANG_CXX_LANGUAGE_STANDARD = "gnu++14";
				CLANG_CXX_LIBRARY = "libc++";
				CLANG_ENABLE_MODULES = YES;
				CLANG_ENABLE_OBJC_ARC = YES;
				CLANG_ENABLE_OBJC_WEAK = YES;
				CLANG_WARN_BLOCK_CAPTURE_AUTORELEASING = YES;
				CLANG_WARN_BOOL_CONVERSION = YES;
				CLANG_WARN_COMMA = YES;
				CLANG_WARN_CONSTANT_CONVERSION = YES;
				CLANG_WARN_DEPRECATED_OBJC_IMPLEMENTATIONS = YES;
				CLANG_WARN_DIRECT_OBJC_ISA_USAGE = YES_ERROR;
				CLANG_WARN_DOCUMENTATION_COMMENTS = YES;
				CLANG_WARN_EMPTY_BODY = YES;
				CLANG_WARN_ENUM_CONVERSION = YES;
				CLANG_WARN_INFINITE_RECURSION = YES;
				CLANG_WARN_INT_CONVERSION = YES;
				CLANG_WARN_NON_LITERAL_NULL_CONVERSION = YES;
				CLANG_WARN_OBJC_IMPLICIT_RETAIN_SELF = YES;
				CLANG_WARN_OBJC_LITERAL_CONVERSION = YES;
				CLANG_WARN_OBJC_ROOT_CLASS = YES_ERROR;
				CLANG_WARN_QUOTED_INCLUDE_IN_FRAMEWORK_HEADER = YES;
				CLANG_WARN_RANGE_LOOP_ANALYSIS = YES;
				CLANG_WARN_STRICT_PROTOTYPES = YES;
				CLANG_WARN_SUSPICIOUS_MOVE = YES;
				CLANG_WARN_UNGUARDED_AVAILABILITY = YES_AGGRESSIVE;
				CLANG_WARN_UNREACHABLE_CODE = YES;
				CLANG_WARN__DUPLICATE_METHOD_MATCH = YES;
				COPY_PHASE_STRIP = NO;
				DEBUG_INFORMATION_FORMAT = "dwarf-with-dsym";
				ENABLE_NS_ASSERTIONS = NO;
				ENABLE_STRICT_OBJC_MSGSEND = YES;
				GCC_C_LANGUAGE_STANDARD = gnu11;
				GCC_NO_COMMON_BLOCKS = YES;
				GCC_WARN_64_TO_32_BIT_CONVERSION = YES;
				GCC_WARN_ABOUT_RETURN_TYPE = YES_ERROR;
				GCC_WARN_UNDECLARED_SELECTOR = YES;
				GCC_WARN_UNINITIALIZED_AUTOS = YES_AGGRESSIVE;
				GCC_WARN_UNUSED_FUNCTION = YES;
				GCC_WARN_UNUSED_VARIABLE = YES;
				IPHONEOS_DEPLOYMENT_TARGET = 14.5;
				MTL_ENABLE_DEBUG_INFO = NO;
				MTL_FAST_MATH = YES;
				SDKROOT = iphoneos;
				SWIFT_COMPILATION_MODE = wholemodule;
				SWIFT_OPTIMIZATION_LEVEL = "-O";
				VALIDATE_PRODUCT = YES;
			};
			name = Release;
		};
		F322245E264C0B3D00799004 /* Debug */ = {
			isa = XCBuildConfiguration;
			baseConfigurationReference = EF145E2A5DDC7F9E9A6F665B /* Pods-Agora-Cloud-Recording.debug.xcconfig */;
			buildSettings = {
				ASSETCATALOG_COMPILER_APPICON_NAME = AppIcon;
				ASSETCATALOG_COMPILER_GLOBAL_ACCENT_COLOR_NAME = AccentColor;
				CODE_SIGN_STYLE = Automatic;
				DEVELOPMENT_TEAM = 278494H572;
				INFOPLIST_FILE = "Agora-Cloud-Recording/Info.plist";
				IPHONEOS_DEPLOYMENT_TARGET = 13.0;
				LD_RUNPATH_SEARCH_PATHS = (
					"$(inherited)",
					"@executable_path/Frameworks",
				);
				PRODUCT_BUNDLE_IDENTIFIER = "com.example.Agora-Cloud-Recording";
				PRODUCT_NAME = "$(TARGET_NAME)";
				SWIFT_VERSION = 5.0;
				TARGETED_DEVICE_FAMILY = "1,2";
			};
			name = Debug;
		};
		F322245F264C0B3D00799004 /* Release */ = {
			isa = XCBuildConfiguration;
			baseConfigurationReference = 0F7FB42B766DBE8E5848E81A /* Pods-Agora-Cloud-Recording.release.xcconfig */;
			buildSettings = {
				ASSETCATALOG_COMPILER_APPICON_NAME = AppIcon;
				ASSETCATALOG_COMPILER_GLOBAL_ACCENT_COLOR_NAME = AccentColor;
				CODE_SIGN_STYLE = Automatic;
				DEVELOPMENT_TEAM = 278494H572;
				INFOPLIST_FILE = "Agora-Cloud-Recording/Info.plist";
				IPHONEOS_DEPLOYMENT_TARGET = 13.0;
				LD_RUNPATH_SEARCH_PATHS = (
					"$(inherited)",
					"@executable_path/Frameworks",
				);
				PRODUCT_BUNDLE_IDENTIFIER = "com.example.Agora-Cloud-Recording";
				PRODUCT_NAME = "$(TARGET_NAME)";
				SWIFT_VERSION = 5.0;
				TARGETED_DEVICE_FAMILY = "1,2";
			};
			name = Release;
		};
/* End XCBuildConfiguration section */

/* Begin XCConfigurationList section */
		F3222444264C0B3900799004 /* Build configuration list for PBXProject "Agora-Cloud-Recording" */ = {
			isa = XCConfigurationList;
			buildConfigurations = (
				F322245B264C0B3D00799004 /* Debug */,
				F322245C264C0B3D00799004 /* Release */,
			);
			defaultConfigurationIsVisible = 0;
			defaultConfigurationName = Release;
		};
		F322245D264C0B3D00799004 /* Build configuration list for PBXNativeTarget "Agora-Cloud-Recording" */ = {
			isa = XCConfigurationList;
			buildConfigurations = (
				F322245E264C0B3D00799004 /* Debug */,
				F322245F264C0B3D00799004 /* Release */,
			);
			defaultConfigurationIsVisible = 0;
			defaultConfigurationName = Release;
		};
/* End XCConfigurationList section */
	};
	rootObject = F3222441264C0B3900799004 /* Project object */;
}
